
Microsoft Visual Studio Solution File, Format Version 12.00
# Visual Studio 15
VisualStudioVersion = 15.0.27703.2000
MinimumVisualStudioVersion = 10.0.40219.1
Project("{888888A0-9F3D-457C-B088-3A5042F75D52}") = "AERONET_AOD_season", "AERONET_AOD_season\AERONET_AOD_season.pyproj", "{6ABD23C2-CC1F-4483-86BA-B57D31F2902B}"
EndProject
Global
	GlobalSection(SolutionConfigurationPlatforms) = preSolution
		Debug|Any CPU = Debug|Any CPU
		Release|Any CPU = Release|Any CPU
	EndGlobalSection
	GlobalSection(ProjectConfigurationPlatforms) = postSolution
		{6ABD23C2-CC1F-4483-86BA-B57D31F2902B}.Debug|Any CPU.ActiveCfg = Debug|Any CPU
		{6ABD23C2-CC1F-4483-86BA-B57D31F2902B}.Release|Any CPU.ActiveCfg = Release|Any CPU
	EndGlobalSection
	GlobalSection(SolutionProperties) = preSolution
		HideSolutionNode = FALSE
	EndGlobalSection
	GlobalSection(ExtensibilityGlobals) = postSolution
		SolutionGuid = {B84B74D9-6C39-4812-A612-223E08668811}
	EndGlobalSection
EndGlobal
