
Microsoft Visual Studio Solution File, Format Version 12.00
# Visual Studio 15
VisualStudioVersion = 15.0.27428.2037
MinimumVisualStudioVersion = 10.0.40219.1
Project("{888888A0-9F3D-457C-B088-3A5042F75D52}") = "csv_seasons", "csv_seasons\csv_seasons.pyproj", "{E534CBB4-75FE-4592-ABEF-DAC3FFB2662B}"
EndProject
Global
	GlobalSection(SolutionConfigurationPlatforms) = preSolution
		Debug|Any CPU = Debug|Any CPU
		Release|Any CPU = Release|Any CPU
	EndGlobalSection
	GlobalSection(ProjectConfigurationPlatforms) = postSolution
		{E534CBB4-75FE-4592-ABEF-DAC3FFB2662B}.Debug|Any CPU.ActiveCfg = Debug|Any CPU
		{E534CBB4-75FE-4592-ABEF-DAC3FFB2662B}.Release|Any CPU.ActiveCfg = Release|Any CPU
	EndGlobalSection
	GlobalSection(SolutionProperties) = preSolution
		HideSolutionNode = FALSE
	EndGlobalSection
	GlobalSection(ExtensibilityGlobals) = postSolution
		SolutionGuid = {4A2AD105-FE04-4224-B5AF-EA17277DBBA6}
	EndGlobalSection
EndGlobal
