
Microsoft Visual Studio Solution File, Format Version 12.00
# Visual Studio 15
VisualStudioVersion = 15.0.27130.2003
MinimumVisualStudioVersion = 10.0.40219.1
Project("{888888A0-9F3D-457C-B088-3A5042F75D52}") = "Myreadcsv_PM2.5", "Myreadcsv_PM2.5\Myreadcsv_PM2.5.pyproj", "{AC37C001-1002-4CE1-ABD0-49565F29BE2E}"
EndProject
Global
	GlobalSection(SolutionConfigurationPlatforms) = preSolution
		Debug|Any CPU = Debug|Any CPU
		Release|Any CPU = Release|Any CPU
	EndGlobalSection
	GlobalSection(ProjectConfigurationPlatforms) = postSolution
		{AC37C001-1002-4CE1-ABD0-49565F29BE2E}.Debug|Any CPU.ActiveCfg = Debug|Any CPU
		{AC37C001-1002-4CE1-ABD0-49565F29BE2E}.Release|Any CPU.ActiveCfg = Release|Any CPU
	EndGlobalSection
	GlobalSection(SolutionProperties) = preSolution
		HideSolutionNode = FALSE
	EndGlobalSection
	GlobalSection(ExtensibilityGlobals) = postSolution
		SolutionGuid = {CE9F63CF-0BB0-4C3A-83A8-B7866E163A7E}
	EndGlobalSection
EndGlobal
