
Microsoft Visual Studio Solution File, Format Version 12.00
# Visual Studio 15
VisualStudioVersion = 15.0.27428.2037
MinimumVisualStudioVersion = 10.0.40219.1
Project("{888888A0-9F3D-457C-B088-3A5042F75D52}") = "arcpy_read_nc", "arcpy_read_nc\arcpy_read_nc.pyproj", "{73EE1980-6824-4EEA-92A4-F5D8AF0870D0}"
EndProject
Global
	GlobalSection(SolutionConfigurationPlatforms) = preSolution
		Debug|Any CPU = Debug|Any CPU
		Release|Any CPU = Release|Any CPU
	EndGlobalSection
	GlobalSection(ProjectConfigurationPlatforms) = postSolution
		{73EE1980-6824-4EEA-92A4-F5D8AF0870D0}.Debug|Any CPU.ActiveCfg = Debug|Any CPU
		{73EE1980-6824-4EEA-92A4-F5D8AF0870D0}.Release|Any CPU.ActiveCfg = Release|Any CPU
	EndGlobalSection
	GlobalSection(SolutionProperties) = preSolution
		HideSolutionNode = FALSE
	EndGlobalSection
	GlobalSection(ExtensibilityGlobals) = postSolution
		SolutionGuid = {4B882FF4-6D1D-483B-9ECA-1BC29198B8DA}
	EndGlobalSection
EndGlobal
